{
  "name": "local-passport-cas",
  "lockfileVersion": 3,
  "requires": true,
  "packages": {
    "": {
      "dependencies": {
        "passport-cas": "^0.1.1"
      }
    },
    "node_modules/node-uuid": {
      "version": "1.4.1",
      "resolved": "https://registry.npmjs.org/node-uuid/-/node-uuid-1.4.1.tgz",
      "integrity": "sha512-yli1av4CgutKcqitN8ILW9lMxOrsGJFrhy5jlwcY5GLYxC3dsMyvmKJOf2Zy55CK2e99gQfVnht67b6tmAdiDQ==",
      "deprecated": "Use uuid module instead"
    },
    "node_modules/passport-cas": {
      "version": "0.1.1",
      "resolved": "https://registry.npmjs.org/passport-cas/-/passport-cas-0.1.1.tgz",
      "integrity": "sha512-xZnzTW4frJlO88/kS+BCEnzpSXl360K7Q/ANhtyjQ0S+Z6UMTytyXPMxWwcAt2TxUDVi2UQID4fW0goKB0TCEQ==",
      "dependencies": {
        "node-uuid": "1.4.1",
        "underscore": "1.6.0",
        "xml2js": "0.4.4"
      }
    },
    "node_modules/sax": {
      "version": "0.6.1",
      "resolved": "https://registry.npmjs.org/sax/-/sax-0.6.1.tgz",
      "integrity": "sha512-8ip+qnRh7m8OEyvoM1JoSBzlrepp3ajVR8nqgrfTig+TewfyvTijl0am8/anFqgbcdz62ofEUKE1hHNDCdbeSQ=="
    },
    "node_modules/underscore": {
      "version": "1.6.0",
      "resolved": "https://registry.npmjs.org/underscore/-/underscore-1.6.0.tgz",
      "integrity": "sha512-z4o1fvKUojIWh9XuaVLUDdf86RQiq13AC1dmHbTpoyuu+bquHms76v16CjycCbec87J7z0k//SiQVk0sMdFmpQ=="
    },
    "node_modules/xml2js": {
      "version": "0.4.4",
      "resolved": "https://registry.npmjs.org/xml2js/-/xml2js-0.4.4.tgz",
      "integrity": "sha512-9ERdxLOo4EazMDHAS/vsuZiTXIMur6ydcRfzGrFVJ4qM78zD3ohUgPJC7NYpGwd5rnS0ufSydMJClh6jyH+V0w==",
      "dependencies": {
        "sax": "0.6.x",
        "xmlbuilder": ">=1.0.0"
      }
    },
    "node_modules/xmlbuilder": {
      "version": "15.1.1",
      "resolved": "https://registry.npmjs.org/xmlbuilder/-/xmlbuilder-15.1.1.tgz",
      "integrity": "sha512-yMqGBqtXyeN1e3TGYvgNgDVZ3j84W4cwkOXQswghol6APgZWaff9lnbvN7MHYJOiXsvGPXtjTYJEiC9J2wv9Eg==",
      "engines": {
        "node": ">=8.0"
      }
    }
  }
}
